<?xml version="1.0" encoding="utf-8"?>
<Project ToolsVersion="4.0" xmlns="http://schemas.microsoft.com/developer/msbuild/2003">
  <ItemGroup>
    <Filter Include="source">
      <UniqueIdentifier>{9A5D17C2-77FE-2C45-83B7-FDF74AD31548}</UniqueIdentifier>
    </Filter>
  </ItemGroup>
  <ItemGroup>
    <ClInclude Include="..\..\source\Main.h">
      <Filter>source</Filter>
    </ClInclude>
    <ClInclude Include="..\..\source\Marker.h">
      <Filter>source</Filter>
    </ClInclude>
    <ClInclude Include="..\..\source\MarkerDetection.h">
      <Filter>source</Filter>
    </ClInclude>
    <ClInclude Include="..\..\source\MarkerManagement.h">
      <Filter>source</Filter>
    </ClInclude>
    <ClInclude Include="..\..\source\uEye_input.h">
      <Filter>source</Filter>
    </ClInclude>
    <ClInclude Include="..\..\source\IdMapping.h">
      <Filter>source</Filter>
    </ClInclude>
    <ClInclude Include="..\..\source\TCP_output.h">
      <Filter>source</Filter>
    </ClInclude>
  </ItemGroup>
  <ItemGroup>
    <ClCompile Include="..\..\source\Main.cpp">
      <Filter>source</Filter>
    </ClCompile>
    <ClCompile Include="..\..\source\Marker.cpp">
      <Filter>source</Filter>
    </ClCompile>
    <ClCompile Include="..\..\source\MarkerDetection.cpp">
      <Filter>source</Filter>
    </ClCompile>
    <ClCompile Include="..\..\source\MarkerManagement.cpp">
      <Filter>source</Filter>
    </ClCompile>
    <ClCompile Include="..\..\source\uEye_input.cpp">
      <Filter>source</Filter>
    </ClCompile>
    <ClCompile Include="..\..\source\IdMapping.cpp">
      <Filter>source</Filter>
    </ClCompile>
    <ClCompile Include="..\..\source\TCP_output.cpp">
      <Filter>source</Filter>
    </ClCompile>
    <ClCompile Include="..\..\source\ARUCOFactory.cpp">
      <Filter>source</Filter>
    </ClCompile>
  </ItemGroup>
</Project>